
Microsoft Visual Studio Solution File, Format Version 12.00
# Visual Studio 15
VisualStudioVersion = 15.0.27428.2037
MinimumVisualStudioVersion = 10.0.40219.1
Project("{FAE04EC0-301F-11D3-BF4B-00C04F79EFBC}") = "FitnessApplicaton", "FitnessApplicaton\FitnessApplicaton.csproj", "{224C158E-E500-40E3-9180-B7C9E58792E4}"
EndProject
Global
	GlobalSection(SolutionConfigurationPlatforms) = preSolution
		Debug|Any CPU = Debug|Any CPU
		Release|Any CPU = Release|Any CPU
	EndGlobalSection
	GlobalSection(ProjectConfigurationPlatforms) = postSolution
		{224C158E-E500-40E3-9180-B7C9E58792E4}.Debug|Any CPU.ActiveCfg = Debug|Any CPU
		{224C158E-E500-40E3-9180-B7C9E58792E4}.Debug|Any CPU.Build.0 = Debug|Any CPU
		{224C158E-E500-40E3-9180-B7C9E58792E4}.Release|Any CPU.ActiveCfg = Release|Any CPU
		{224C158E-E500-40E3-9180-B7C9E58792E4}.Release|Any CPU.Build.0 = Release|Any CPU
	EndGlobalSection
	GlobalSection(SolutionProperties) = preSolution
		HideSolutionNode = FALSE
	EndGlobalSection
	GlobalSection(ExtensibilityGlobals) = postSolution
		SolutionGuid = {0839AFDA-1E69-4873-BE2E-66CBC67DA9B6}
	EndGlobalSection
EndGlobal
